
Microsoft Visual Studio Solution File, Format Version 12.00
# Visual Studio Version 17
VisualStudioVersion = 17.13.35931.197 d17.13
MinimumVisualStudioVersion = 10.0.40219.1
Project("{FAE04EC0-301F-11D3-BF4B-00C04F79EFBC}") = "第五次作业", "第五次作业\第五次作业.csproj", "{CC4C3840-CCBA-4ADF-A88C-9DDEB756F646}"
EndProject
Global
	GlobalSection(SolutionConfigurationPlatforms) = preSolution
		Debug|Any CPU = Debug|Any CPU
		Release|Any CPU = Release|Any CPU
	EndGlobalSection
	GlobalSection(ProjectConfigurationPlatforms) = postSolution
		{CC4C3840-CCBA-4ADF-A88C-9DDEB756F646}.Debug|Any CPU.ActiveCfg = Debug|Any CPU
		{CC4C3840-CCBA-4ADF-A88C-9DDEB756F646}.Debug|Any CPU.Build.0 = Debug|Any CPU
		{CC4C3840-CCBA-4ADF-A88C-9DDEB756F646}.Release|Any CPU.ActiveCfg = Release|Any CPU
		{CC4C3840-CCBA-4ADF-A88C-9DDEB756F646}.Release|Any CPU.Build.0 = Release|Any CPU
	EndGlobalSection
	GlobalSection(SolutionProperties) = preSolution
		HideSolutionNode = FALSE
	EndGlobalSection
	GlobalSection(ExtensibilityGlobals) = postSolution
		SolutionGuid = {A67AA2CB-CCAE-4DB7-8994-05B421A60209}
	EndGlobalSection
EndGlobal
